github.com/go-redis/redis v6.15.9+incompatible h1:K0pv1D7EQUjfyoMql+r/jZqCLizCGKFlFgcHWWmHQjg=
github.com/go-redis/redis v6.15.9+incompatible/go.mod h1:NAIEuMOZ/fxfXJIrKDQDz8wamY7mA7PouImQ2Jvg6kA=
github.com/gorilla/mux v1.8.0 h1:i40aqfkR1h2SlN9hojwV5ZA91wcXFOvkdNIeFDP5koI=
github.com/gorilla/mux v1.8.0/go.mod h1:DVbg23sWSpFRCP0SfiEN6jmj59UnW/n46BH5rLB71So=
github.com/satori/go.uuid v1.2.0 h1:0uYX9dsZ2yD7q2RtLRtPSdGDWzjeM3TbMJP9utgA0ww=
github.com/satori/go.uuid v1.2.0/go.mod h1:dA0hQrYB0VpLJoorglMZABFdXlWrHn1NEOzdhQKdks0=
tawesoft.co.uk/go v0.0.0-20201113073353-70bd3c62034e h1:qA3fywuXbDC0ykeviukbc8aSqlI/sr6vZ3gIFng49Rc=
tawesoft.co.uk/go/dialog v0.0.0-20201103210221-4175697d086f h1:9LAzHynM3Jq3FZxP6rhoK3l96fSN+S47KABTOzE6gf4=
tawesoft.co.uk/go/dialog v0.0.0-20201103210221-4175697d086f/go.mod h1:h1pWmQQT/jWrxa6VT3M7lFUif/2F0+WVISAi447Punc=
